{
  "name": "demo",
  "version": "1.0.0",
  "lockfileVersion": 2,
  "requires": true,
  "packages": {
    "": {
      "name": "demo",
      "version": "1.0.0",
      "license": "ISC",
      "dependencies": {
        "@tatthien/a": "^0.0.3"
      }
    },
    "node_modules/@tatthien/a": {
      "version": "0.0.3",
      "resolved": "https://registry.npmjs.org/@tatthien/a/-/a-0.0.3.tgz",
      "integrity": "sha512-8rEQTfXiUr0X9wabijtFCYJjXIX7gO9/L8eULm3Tnv56/Rx1TFqx5ObxWelMjtPCLGk8x/qLNlIIeYkD6rAnbA==",
      "dependencies": {
        "@tatthien/b": "*"
      }
    },
    "node_modules/@tatthien/b": {
      "version": "0.0.3",
      "resolved": "https://registry.npmjs.org/@tatthien/b/-/b-0.0.3.tgz",
      "integrity": "sha512-QYIvFhLYp/TW9Lldbd2jfbvWXeKSzEc/YRzayRqwDPmiUHgXxYViWqdFsUJGWK9pB3BITUwTU+if/33QmlRvOw=="
    }
  },
  "dependencies": {
    "@tatthien/a": {
      "version": "0.0.3",
      "resolved": "https://registry.npmjs.org/@tatthien/a/-/a-0.0.3.tgz",
      "integrity": "sha512-8rEQTfXiUr0X9wabijtFCYJjXIX7gO9/L8eULm3Tnv56/Rx1TFqx5ObxWelMjtPCLGk8x/qLNlIIeYkD6rAnbA==",
      "requires": {
        "@tatthien/b": "*"
      }
    },
    "@tatthien/b": {
      "version": "0.0.3",
      "resolved": "https://registry.npmjs.org/@tatthien/b/-/b-0.0.3.tgz",
      "integrity": "sha512-QYIvFhLYp/TW9Lldbd2jfbvWXeKSzEc/YRzayRqwDPmiUHgXxYViWqdFsUJGWK9pB3BITUwTU+if/33QmlRvOw=="
    }
  }
}
